# THIS IS AN AUTOGENERATED FILE. DO NOT EDIT THIS FILE DIRECTLY.
# yarn lockfile v1


"@types/crypto-js@^4.0.2":
  "integrity" "sha512-sCVniU+h3GcGqxOmng11BRvf9TfN9yIs8KKjB8C8d75W69cpTfZG80gau9yTx5SxF3gvHGbJhdESzzvnjtf3Og=="
  "resolved" "https://registry.npmjs.org/@types/crypto-js/-/crypto-js-4.0.2.tgz"
  "version" "4.0.2"

"@types/uuid@^8.3.1":
  "integrity" "sha512-Y2mHTRAbqfFkpjldbkHGY8JIzRN6XqYRliG8/24FcHm2D2PwW24fl5xMRTVGdrb7iMrwCaIEbLWerGIkXuFWVg=="
  "resolved" "https://registry.npmjs.org/@types/uuid/-/uuid-8.3.1.tgz"
  "version" "8.3.1"
